# This file was autogenerated by Stack.
# You should not edit this file by hand.
# For more information, please see the documentation at:
#   https://docs.haskellstack.org/en/stable/lock_files

packages:
- completed:
    hackage: google-oauth2-jwt-0.3.3@sha256:ed80b7a72a06ca6d31382aef7210149fb987257e32d9fc3f57cd332fcad3063d,1376
    pantry-tree:
      size: 282
      sha256: 12f6134bf38ade0ab94c4686b92ff68921e7e9d457073140e6c945d5efa1d542
  original:
    hackage: google-oauth2-jwt-0.3.3@sha256:ed80b7a72a06ca6d31382aef7210149fb987257e32d9fc3f57cd332fcad3063d,1376
snapshots:
- completed:
    size: 586069
    url: https://raw.githubusercontent.com/commercialhaskell/stackage-snapshots/master/lts/18/14.yaml
    sha256: 87842ecbaa8ca9cee59a7e6be52369dbed82ed075cb4e0d152614a627e8fd488
  original: lts-18.14
