# This file was autogenerated by Stack.
# You should not edit this file by hand.
# For more information, please see the documentation at:
#   https://docs.haskellstack.org/en/stable/lock_files

packages:
- completed:
    hackage: google-oauth2-jwt-0.3.2@sha256:4fc35d30ffc5f762bc1fc570e7cbb94bde268b40f0f822ba7ed9161fefbd9293,1349
    pantry-tree:
      size: 282
      sha256: 88e9f2c7da298d850f1cbfd23148b5c856bf7e22b73f930b9270580c8f7ae512
  original:
    hackage: google-oauth2-jwt-0.3.2@sha256:4fc35d30ffc5f762bc1fc570e7cbb94bde268b40f0f822ba7ed9161fefbd9293,1349
- completed:
    hackage: base64-bytestring-1.0.0.3@sha256:6c82d900465345e30ff0eeb9a1374fbd2955c8e5ca6206e03669f04575830f88,2242
    pantry-tree:
      size: 848
      sha256: 580b3808ee3ee06468d56808639a6b46615ff385c64d977423817434d17a9888
  original:
    hackage: base64-bytestring-1.0.0.3@sha256:6c82d900465345e30ff0eeb9a1374fbd2955c8e5ca6206e03669f04575830f88,2242
snapshots:
- completed:
    size: 528636
    url: https://raw.githubusercontent.com/commercialhaskell/stackage-snapshots/master/nightly/2020/9/3.yaml
    sha256: 9dac40ef83b087f8f5c4b32a3400b54f6fc058fd7648e46bbfcb60765b135646
  original: nightly-2020-09-03
