# This file was autogenerated by Stack.
# You should not edit this file by hand.
# For more information, please see the documentation at:
#   https://docs.haskellstack.org/en/stable/lock_files

packages:
- completed:
    name: google-oauth2-jwt
    version: 0.3.3
    git: https://github.com/theobat/google-oauth2-jwt.git
    pantry-tree:
      size: 456
      sha256: a7959df2247ae3d8bc9a56351f0e75ba9c88c971940491215379527d187e03b3
    commit: e81f9f0e1c07d803a990a5b0ad90dfd9f94abc84
  original:
    git: https://github.com/theobat/google-oauth2-jwt.git
    commit: e81f9f0e1c07d803a990a5b0ad90dfd9f94abc84
snapshots:
- completed:
    size: 618876
    url: https://raw.githubusercontent.com/commercialhaskell/stackage-snapshots/master/lts/19/6.yaml
    sha256: fb634b19f31da06684bb07ce02a20c75a3162138f279b388905b03ebd57bb50f
  original: lts-19.6
